
Microsoft Visual Studio Solution File, Format Version 12.00
# Visual Studio 15
Project("{FAE04EC0-301F-11D3-BF4B-00C04F79EFBC}") = "4calc", "4calc\4calc.csproj", "{37E3682F-106E-46EE-AF16-BF1FD008E200}"
EndProject
Project("{FAE04EC0-301F-11D3-BF4B-00C04F79EFBC}") = "Calculator", "Calculator\Calculator.csproj", "{913657EA-B56C-4023-B06B-471F0D293897}"
EndProject
Global
	GlobalSection(SolutionConfigurationPlatforms) = preSolution
		Debug|Any CPU = Debug|Any CPU
		Release|Any CPU = Release|Any CPU
	EndGlobalSection
	GlobalSection(ProjectConfigurationPlatforms) = postSolution
		{37E3682F-106E-46EE-AF16-BF1FD008E200}.Debug|Any CPU.ActiveCfg = Debug|Any CPU
		{37E3682F-106E-46EE-AF16-BF1FD008E200}.Debug|Any CPU.Build.0 = Debug|Any CPU
		{37E3682F-106E-46EE-AF16-BF1FD008E200}.Release|Any CPU.ActiveCfg = Release|Any CPU
		{37E3682F-106E-46EE-AF16-BF1FD008E200}.Release|Any CPU.Build.0 = Release|Any CPU
		{913657EA-B56C-4023-B06B-471F0D293897}.Debug|Any CPU.ActiveCfg = Debug|Any CPU
		{913657EA-B56C-4023-B06B-471F0D293897}.Debug|Any CPU.Build.0 = Debug|Any CPU
		{913657EA-B56C-4023-B06B-471F0D293897}.Release|Any CPU.ActiveCfg = Release|Any CPU
		{913657EA-B56C-4023-B06B-471F0D293897}.Release|Any CPU.Build.0 = Release|Any CPU
	EndGlobalSection
EndGlobal
